
Microsoft Visual Studio Solution File, Format Version 12.00
# Visual Studio Version 17
VisualStudioVersion = 17.4.33205.214
MinimumVisualStudioVersion = 10.0.40219.1
Project("{FAE04EC0-301F-11D3-BF4B-00C04F79EFBC}") = "TangmereDental", "TangmereDental\TangmereDental.csproj", "{FD538792-3552-45FB-B231-6B15FF143CF8}"
EndProject
Global
	GlobalSection(SolutionConfigurationPlatforms) = preSolution
		Debug|Any CPU = Debug|Any CPU
		Release|Any CPU = Release|Any CPU
	EndGlobalSection
	GlobalSection(ProjectConfigurationPlatforms) = postSolution
		{FD538792-3552-45FB-B231-6B15FF143CF8}.Debug|Any CPU.ActiveCfg = Debug|Any CPU
		{FD538792-3552-45FB-B231-6B15FF143CF8}.Debug|Any CPU.Build.0 = Debug|Any CPU
		{FD538792-3552-45FB-B231-6B15FF143CF8}.Release|Any CPU.ActiveCfg = Release|Any CPU
		{FD538792-3552-45FB-B231-6B15FF143CF8}.Release|Any CPU.Build.0 = Release|Any CPU
	EndGlobalSection
	GlobalSection(SolutionProperties) = preSolution
		HideSolutionNode = FALSE
	EndGlobalSection
	GlobalSection(ExtensibilityGlobals) = postSolution
		SolutionGuid = {CBFA1D60-D75B-4CA8-8433-EFFE292F7D04}
	EndGlobalSection
EndGlobal
